
Microsoft Visual Studio Solution File, Format Version 12.00
# Visual Studio Version 16
VisualStudioVersion = 16.0.29409.12
MinimumVisualStudioVersion = 10.0.40219.1
Project("{FAE04EC0-301F-11D3-BF4B-00C04F79EFBC}") = "projektGK1_2.0", "projektGK1_2.0\projektGK1_2.0.csproj", "{BC00D95C-B362-4BAD-AE3D-8297CBB986CB}"
EndProject
Global
	GlobalSection(SolutionConfigurationPlatforms) = preSolution
		Debug|Any CPU = Debug|Any CPU
		Release|Any CPU = Release|Any CPU
	EndGlobalSection
	GlobalSection(ProjectConfigurationPlatforms) = postSolution
		{BC00D95C-B362-4BAD-AE3D-8297CBB986CB}.Debug|Any CPU.ActiveCfg = Debug|Any CPU
		{BC00D95C-B362-4BAD-AE3D-8297CBB986CB}.Debug|Any CPU.Build.0 = Debug|Any CPU
		{BC00D95C-B362-4BAD-AE3D-8297CBB986CB}.Release|Any CPU.ActiveCfg = Release|Any CPU
		{BC00D95C-B362-4BAD-AE3D-8297CBB986CB}.Release|Any CPU.Build.0 = Release|Any CPU
	EndGlobalSection
	GlobalSection(SolutionProperties) = preSolution
		HideSolutionNode = FALSE
	EndGlobalSection
	GlobalSection(ExtensibilityGlobals) = postSolution
		SolutionGuid = {CAEB3332-600A-4584-9EC3-50E28B2F22D6}
	EndGlobalSection
EndGlobal
